PODS:
  - Alamofire (5.2.2)
  - AlamofireImage (4.1.0):
    - Alamofire (~> 5.1)
  - AppAuth (1.4.0):
    - AppAuth/Core (= 1.4.0)
    - AppAuth/ExternalUserAgent (= 1.4.0)
  - AppAuth/Core (1.4.0)
  - AppAuth/ExternalUserAgent (1.4.0)
  - FBSDKCoreKit (8.0.0):
    - FBSDKCoreKit/Basics (= 8.0.0)
    - FBSDKCoreKit/Core (= 8.0.0)
  - FBSDKCoreKit/Basics (8.0.0)
  - FBSDKCoreKit/Core (8.0.0):
    - FBSDKCoreKit/Basics
  - FBSDKLoginKit (8.0.0):
    - FBSDKLoginKit/Login (= 8.0.0)
  - FBSDKLoginKit/Login (8.0.0):
    - FBSDKCoreKit (~> 8.0.0)
  - Firebase/Analytics (7.3.0):
    - Firebase/Core
  - Firebase/Core (7.3.0):
    - Firebase/CoreOnly
    - FirebaseAnalytics (= 7.3.0)
  - Firebase/CoreOnly (7.3.0):
    - FirebaseCore (= 7.3.0)
  - Firebase/Crashlytics (7.3.0):
    - Firebase/CoreOnly
    - FirebaseCrashlytics (~> 7.3.0)
  - FirebaseAnalytics (7.3.0):
    - FirebaseCore (~> 7.0)
    - FirebaseInstallations (~> 7.0)
    - GoogleAppMeasurement (= 7.3.0)
    - GoogleUtilities/AppDelegateSwizzler (~> 7.0)
    - GoogleUtilities/MethodSwizzler (~> 7.0)
    - GoogleUtilities/Network (~> 7.0)
    - "GoogleUtilities/NSData+zlib (~> 7.0)"
    - nanopb (~> 2.30906.0)
  - FirebaseCore (7.3.0):
    - FirebaseCoreDiagnostics (~> 7.0)
    - GoogleUtilities/Environment (~> 7.0)
    - GoogleUtilities/Logger (~> 7.0)
  - FirebaseCoreDiagnostics (7.3.0):
    - GoogleDataTransport (~> 8.0)
    - GoogleUtilities/Environment (~> 7.0)
    - GoogleUtilities/Logger (~> 7.0)
    - nanopb (~> 2.30906.0)
  - FirebaseCrashlytics (7.3.0):
    - FirebaseCore (~> 7.0)
    - FirebaseInstallations (~> 7.0)
    - GoogleDataTransport (~> 8.0)
    - nanopb (~> 2.30906.0)
    - PromisesObjC (~> 1.2)
  - FirebaseInstallations (7.3.0):
    - FirebaseCore (~> 7.0)
    - GoogleUtilities/Environment (~> 7.0)
    - GoogleUtilities/UserDefaults (~> 7.0)
    - PromisesObjC (~> 1.2)
  - GoogleAppMeasurement (7.3.0):
    - GoogleUtilities/AppDelegateSwizzler (~> 7.0)
    - GoogleUtilities/MethodSwizzler (~> 7.0)
    - GoogleUtilities/Network (~> 7.0)
    - "GoogleUtilities/NSData+zlib (~> 7.0)"
    - nanopb (~> 2.30906.0)
  - GoogleDataTransport (8.1.0):
    - nanopb (~> 2.30906.0)
  - GoogleSignIn (5.0.2):
    - AppAuth (~> 1.2)
    - GTMAppAuth (~> 1.0)
    - GTMSessionFetcher/Core (~> 1.1)
  - GoogleUtilities/AppDelegateSwizzler (7.1.1):
    - GoogleUtilities/Environment
    - GoogleUtilities/Logger
    - GoogleUtilities/Network
  - GoogleUtilities/Environment (7.1.1):
    - PromisesObjC (~> 1.2)
  - GoogleUtilities/Logger (7.1.1):
    - GoogleUtilities/Environment
  - GoogleUtilities/MethodSwizzler (7.1.1):
    - GoogleUtilities/Logger
  - GoogleUtilities/Network (7.1.1):
    - GoogleUtilities/Logger
    - "GoogleUtilities/NSData+zlib"
    - GoogleUtilities/Reachability
  - "GoogleUtilities/NSData+zlib (7.1.1)"
  - GoogleUtilities/Reachability (7.1.1):
    - GoogleUtilities/Logger
  - GoogleUtilities/UserDefaults (7.1.1):
    - GoogleUtilities/Logger
  - GTMAppAuth (1.1.0):
    - AppAuth/Core (~> 1.4)
    - GTMSessionFetcher (~> 1.4)
  - GTMSessionFetcher (1.4.0):
    - GTMSessionFetcher/Full (= 1.4.0)
  - GTMSessionFetcher/Core (1.4.0)
  - GTMSessionFetcher/Full (1.4.0):
    - GTMSessionFetcher/Core (= 1.4.0)
  - JTAppleCalendar (8.0.3)
  - KeychainSwift (19.0.0)
  - nanopb (2.30906.0):
    - nanopb/decode (= 2.30906.0)
    - nanopb/encode (= 2.30906.0)
  - nanopb/decode (2.30906.0)
  - nanopb/encode (2.30906.0)
  - PINCache (3.0.3):
    - PINCache/Arc-exception-safe (= 3.0.3)
    - PINCache/Core (= 3.0.3)
  - PINCache/Arc-exception-safe (3.0.3):
    - PINCache/Core
  - PINCache/Core (3.0.3):
    - PINOperation (~> 1.2.1)
  - PINOperation (1.2.1)
  - PINRemoteImage (3.0.3):
    - PINRemoteImage/PINCache (= 3.0.3)
  - PINRemoteImage/Core (3.0.3):
    - PINOperation
  - PINRemoteImage/PINCache (3.0.3):
    - PINCache (~> 3.0.3)
    - PINRemoteImage/Core
  - PromisesObjC (1.2.12)
  - ReachabilitySwift (5.0.0)
  - UPCarouselFlowLayout (1.1.2)

DEPENDENCIES:
  - AlamofireImage
  - FBSDKCoreKit
  - FBSDKLoginKit
  - Firebase/Analytics
  - Firebase/Crashlytics
  - GoogleSignIn
  - JTAppleCalendar
  - KeychainSwift
  - PINRemoteImage
  - ReachabilitySwift
  - UPCarouselFlowLayout

SPEC REPOS:
  https://github.com/cocoapods/specs.git:
    - Alamofire
    - AlamofireImage
    - AppAuth
    - FBSDKCoreKit
    - FBSDKLoginKit
    - Firebase
    - FirebaseAnalytics
    - FirebaseCore
    - FirebaseCoreDiagnostics
    - FirebaseCrashlytics
    - FirebaseInstallations
    - GoogleAppMeasurement
    - GoogleDataTransport
    - GoogleSignIn
    - GoogleUtilities
    - GTMAppAuth
    - GTMSessionFetcher
    - JTAppleCalendar
    - KeychainSwift
    - nanopb
    - PINCache
    - PINOperation
    - PINRemoteImage
    - PromisesObjC
    - ReachabilitySwift
    - UPCarouselFlowLayout

SPEC CHECKSUMS:
  Alamofire: 814429acc853c6c54ff123fc3d2ef66803823ce0
  AlamofireImage: c4a2ba349885fb3064feb74d2e547bd42ce9be10
  AppAuth: 31bcec809a638d7bd2f86ea8a52bd45f6e81e7c7
  FBSDKCoreKit: 9d27fe97a2fa2abe5eeefea8240e837623ab88e0
  FBSDKLoginKit: 2cbaf5405379731b22f2ebc224f7c30f62378171
  Firebase: 26223c695fe322633274198cb19dca8cb7e54416
  FirebaseAnalytics: 2580c2d62535ae7b644143d48941fcc239ea897a
  FirebaseCore: 4d3c72622ce0e2106aaa07bb4b2935ba2c370972
  FirebaseCoreDiagnostics: d50e11039e5984d92c8a512be2395f13df747350
  FirebaseCrashlytics: d31325312c92e2cb2f0386d589b9aa44e303d99b
  FirebaseInstallations: 971df89b48ae5ee4cc2bf6935f3857a525d28550
  GoogleAppMeasurement: 8d3c0aeede16ab7764144b5a4ca8e1d4323841b7
  GoogleDataTransport: 116c84c4bdeb76be2a7a46de51244368f9794eab
  GoogleSignIn: 7137d297ddc022a7e0aa4619c86d72c909fa7213
  GoogleUtilities: 3dc4ff0d5e4840e2fa8eef0889620e8c33d4218c
  GTMAppAuth: 197a8dabfea5d665224aa00d17f164fc2248dab9
  GTMSessionFetcher: 6f5c8abbab8a9bce4bb3f057e317728ec6182b10
  JTAppleCalendar: 932cadea40b1051beab10f67843451d48ba16c99
  KeychainSwift: a06190cf933ad46b1e0abc3d77d29c06331715c7
  nanopb: 1bf24dd71191072e120b83dd02d08f3da0d65e53
  PINCache: 7a8fc1a691173d21dbddbf86cd515de6efa55086
  PINOperation: 00c935935f1e8cf0d1e2d6b542e75b88fc3e5e20
  PINRemoteImage: f1295b29f8c5e640e25335a1b2bd9d805171bd01
  PromisesObjC: 3113f7f76903778cf4a0586bd1ab89329a0b7b97
  ReachabilitySwift: 985039c6f7b23a1da463388634119492ff86c825
  UPCarouselFlowLayout: 4c7d2c43a10ebb1597bde502a53699d378341dad

PODFILE CHECKSUM: 1476d6dfba6d42504e259b99b1843fbdd04cb104

COCOAPODS: 1.7.5
